github.com/Rafael24595/go-assert v0.3.0 h1:K0ojzc+RC6y53kK2A4ZflPKkjYA9IWvQPhCRoG267Co=
github.com/Rafael24595/go-assert v0.3.0/go.mod h1:jErrEaEg+p2PPjtBEUtTheZOdb9EESVAGPPZy13wj2w=
github.com/Rafael24595/go-log v0.4.0 h1:FNqGL7uXb6TMsJ903Hzo7pWAKOqZ79wqHIp/mOl2zrw=
github.com/Rafael24595/go-log v0.4.0/go.mod h1:7p9PD5GldKY9aRxDfww6olZDvlms7H/vai86/tZ18sg=
