github.com/Rafael24595/go-assert v0.5.0 h1:BD2vSQ9tfyYT61E6ozB6NETGUl/ApzRIgxauZt5I918=
github.com/Rafael24595/go-assert v0.5.0/go.mod h1:jErrEaEg+p2PPjtBEUtTheZOdb9EESVAGPPZy13wj2w=
github.com/Rafael24595/go-log v0.4.0 h1:FNqGL7uXb6TMsJ903Hzo7pWAKOqZ79wqHIp/mOl2zrw=
github.com/Rafael24595/go-log v0.4.0/go.mod h1:7p9PD5GldKY9aRxDfww6olZDvlms7H/vai86/tZ18sg=
github.com/Rafael24595/go-supervisor v0.1.0 h1:FB6ny1WGlZ8gK7MA5Q16EdSCjaXJk+qlfB63q5dzvVo=
github.com/Rafael24595/go-supervisor v0.1.0/go.mod h1:7wyksoCF8AiZJ1T5pAfu8ymT3pxa+zxPyt3lKL8Fibo=
